
Microsoft Visual Studio Solution File, Format Version 12.00
# Visual Studio Version 17
VisualStudioVersion = 17.10.35013.160
MinimumVisualStudioVersion = 10.0.40219.1
Project("{9A19103F-16F7-4668-BE54-9A1E7A4F7556}") = "EGDrinksAPI", "EGDrinksAPI\EGDrinksAPI.csproj", "{F352CFDE-595B-4665-96D7-660E46FFF7AB}"
EndProject
Project("{9A19103F-16F7-4668-BE54-9A1E7A4F7556}") = "EGDrinksCore", "EGDrinksCore\EGDrinksCore.csproj", "{6BF7C6BC-A147-4D83-9C96-8406E0CBA1DC}"
EndProject
Project("{9A19103F-16F7-4668-BE54-9A1E7A4F7556}") = "Infrastructure", "Infrastructure\Infrastructure.csproj", "{5FB74A3A-3E90-4E37-83AE-C74F99BB2C00}"
EndProject
Project("{9A19103F-16F7-4668-BE54-9A1E7A4F7556}") = "Tests", "Tests\Tests.csproj", "{65B53214-8AE5-4C1A-86BE-54002E875E84}"
EndProject
Project("{FAE04EC0-301F-11D3-BF4B-00C04F79EFBC}") = "Client", "Client\Client.csproj", "{C7F879C6-EE5E-49D5-80F2-2E2C1A4679AF}"
EndProject
Global
	GlobalSection(SolutionConfigurationPlatforms) = preSolution
		Debug|Any CPU = Debug|Any CPU
		Release|Any CPU = Release|Any CPU
	EndGlobalSection
	GlobalSection(ProjectConfigurationPlatforms) = postSolution
		{F352CFDE-595B-4665-96D7-660E46FFF7AB}.Debug|Any CPU.ActiveCfg = Debug|Any CPU
		{F352CFDE-595B-4665-96D7-660E46FFF7AB}.Debug|Any CPU.Build.0 = Debug|Any CPU
		{F352CFDE-595B-4665-96D7-660E46FFF7AB}.Release|Any CPU.ActiveCfg = Release|Any CPU
		{F352CFDE-595B-4665-96D7-660E46FFF7AB}.Release|Any CPU.Build.0 = Release|Any CPU
		{6BF7C6BC-A147-4D83-9C96-8406E0CBA1DC}.Debug|Any CPU.ActiveCfg = Debug|Any CPU
		{6BF7C6BC-A147-4D83-9C96-8406E0CBA1DC}.Debug|Any CPU.Build.0 = Debug|Any CPU
		{6BF7C6BC-A147-4D83-9C96-8406E0CBA1DC}.Release|Any CPU.ActiveCfg = Release|Any CPU
		{6BF7C6BC-A147-4D83-9C96-8406E0CBA1DC}.Release|Any CPU.Build.0 = Release|Any CPU
		{5FB74A3A-3E90-4E37-83AE-C74F99BB2C00}.Debug|Any CPU.ActiveCfg = Debug|Any CPU
		{5FB74A3A-3E90-4E37-83AE-C74F99BB2C00}.Debug|Any CPU.Build.0 = Debug|Any CPU
		{5FB74A3A-3E90-4E37-83AE-C74F99BB2C00}.Release|Any CPU.ActiveCfg = Release|Any CPU
		{5FB74A3A-3E90-4E37-83AE-C74F99BB2C00}.Release|Any CPU.Build.0 = Release|Any CPU
		{65B53214-8AE5-4C1A-86BE-54002E875E84}.Debug|Any CPU.ActiveCfg = Debug|Any CPU
		{65B53214-8AE5-4C1A-86BE-54002E875E84}.Debug|Any CPU.Build.0 = Debug|Any CPU
		{65B53214-8AE5-4C1A-86BE-54002E875E84}.Release|Any CPU.ActiveCfg = Release|Any CPU
		{65B53214-8AE5-4C1A-86BE-54002E875E84}.Release|Any CPU.Build.0 = Release|Any CPU
		{C7F879C6-EE5E-49D5-80F2-2E2C1A4679AF}.Debug|Any CPU.ActiveCfg = Debug|Any CPU
		{C7F879C6-EE5E-49D5-80F2-2E2C1A4679AF}.Debug|Any CPU.Build.0 = Debug|Any CPU
		{C7F879C6-EE5E-49D5-80F2-2E2C1A4679AF}.Release|Any CPU.ActiveCfg = Release|Any CPU
		{C7F879C6-EE5E-49D5-80F2-2E2C1A4679AF}.Release|Any CPU.Build.0 = Release|Any CPU
	EndGlobalSection
	GlobalSection(SolutionProperties) = preSolution
		HideSolutionNode = FALSE
	EndGlobalSection
	GlobalSection(ExtensibilityGlobals) = postSolution
		SolutionGuid = {73CA7D46-21E5-4823-A559-6C67CCFE9423}
	EndGlobalSection
EndGlobal
